
Microsoft Visual Studio Solution File, Format Version 12.00
# Visual Studio Version 17
VisualStudioVersion = 17.4.33205.214
MinimumVisualStudioVersion = 10.0.40219.1
Project("{9A19103F-16F7-4668-BE54-9A1E7A4F7556}") = "DeviPackUnpackTool", "DeviPackUnpackTool.csproj", "{0455A79A-BA7E-4C1C-B1C9-A1BC4D84A695}"
EndProject
Global
	GlobalSection(SolutionConfigurationPlatforms) = preSolution
		Debug|Any CPU = Debug|Any CPU
		Release|Any CPU = Release|Any CPU
	EndGlobalSection
	GlobalSection(ProjectConfigurationPlatforms) = postSolution
		{0455A79A-BA7E-4C1C-B1C9-A1BC4D84A695}.Debug|Any CPU.ActiveCfg = Debug|Any CPU
		{0455A79A-BA7E-4C1C-B1C9-A1BC4D84A695}.Debug|Any CPU.Build.0 = Debug|Any CPU
		{0455A79A-BA7E-4C1C-B1C9-A1BC4D84A695}.Release|Any CPU.ActiveCfg = Release|Any CPU
		{0455A79A-BA7E-4C1C-B1C9-A1BC4D84A695}.Release|Any CPU.Build.0 = Release|Any CPU
	EndGlobalSection
	GlobalSection(SolutionProperties) = preSolution
		HideSolutionNode = FALSE
	EndGlobalSection
	GlobalSection(ExtensibilityGlobals) = postSolution
		SolutionGuid = {5C0203CA-5987-4F40-990A-6DDF2E850A99}
	EndGlobalSection
EndGlobal
